schema: '2.0'
stages:
  preprocess:
    cmd: python preprocess.py
    deps:
    - path: data/data.csv
      hash: md5
      md5: 2cf8df351d7ad3cb33001b4cf82959f5
      size: 1806
    outs:
    - path: data/preprocessed_data.csv
      hash: md5
      md5: f8e1f0edb57f94020ff0ce74e45b793e
      size: 6785
