schema: '2.0'
stages:
  preprocess:
    cmd: python preprocess.py
    deps:
    - path: data/data.csv
      hash: md5
      md5: dcdc080946c2a458bd885846caa7ac71
      size: 2029
    outs:
    - path: data/preprocessed_data.csv
      hash: md5
      md5: d9221e6a3f51f6ee1ccfed43468d614f
      size: 7620
